
Microsoft Visual Studio Solution File, Format Version 12.00
# Visual Studio Version 17
VisualStudioVersion = 17.0.31912.275
MinimumVisualStudioVersion = 10.0.40219.1
Project("{FAE04EC0-301F-11D3-BF4B-00C04F79EFBC}") = "Day 1 - Part 2", "Day 1 - Part 2\Day 1 - Part 2.csproj", "{91CF8B8D-92CA-45AA-95E8-A020683037A0}"
EndProject
Global
	GlobalSection(SolutionConfigurationPlatforms) = preSolution
		Debug|Any CPU = Debug|Any CPU
		Release|Any CPU = Release|Any CPU
	EndGlobalSection
	GlobalSection(ProjectConfigurationPlatforms) = postSolution
		{91CF8B8D-92CA-45AA-95E8-A020683037A0}.Debug|Any CPU.ActiveCfg = Debug|Any CPU
		{91CF8B8D-92CA-45AA-95E8-A020683037A0}.Debug|Any CPU.Build.0 = Debug|Any CPU
		{91CF8B8D-92CA-45AA-95E8-A020683037A0}.Release|Any CPU.ActiveCfg = Release|Any CPU
		{91CF8B8D-92CA-45AA-95E8-A020683037A0}.Release|Any CPU.Build.0 = Release|Any CPU
	EndGlobalSection
	GlobalSection(SolutionProperties) = preSolution
		HideSolutionNode = FALSE
	EndGlobalSection
	GlobalSection(ExtensibilityGlobals) = postSolution
		SolutionGuid = {5ABA96F7-1461-4C9B-873F-33D007A84B67}
	EndGlobalSection
EndGlobal
